
Microsoft Visual Studio Solution File, Format Version 12.00
# Visual Studio 2013
VisualStudioVersion = 12.0.30501.0
MinimumVisualStudioVersion = 10.0.40219.1
Project("{FAE04EC0-301F-11D3-BF4B-00C04F79EFBC}") = "DatastructureTester", "DatastructureTester\DatastructureTester.csproj", "{15DEDBD8-E24D-4122-9167-D3DB87F18BB5}"
EndProject
Project("{FAE04EC0-301F-11D3-BF4B-00C04F79EFBC}") = "Datastructures", "Datastructures\Datastructures.csproj", "{1F42C316-360F-492C-AFEB-17F0026B7526}"
EndProject
Global
	GlobalSection(SolutionConfigurationPlatforms) = preSolution
		Debug|Any CPU = Debug|Any CPU
		Release|Any CPU = Release|Any CPU
	EndGlobalSection
	GlobalSection(ProjectConfigurationPlatforms) = postSolution
		{15DEDBD8-E24D-4122-9167-D3DB87F18BB5}.Debug|Any CPU.ActiveCfg = Debug|Any CPU
		{15DEDBD8-E24D-4122-9167-D3DB87F18BB5}.Debug|Any CPU.Build.0 = Debug|Any CPU
		{15DEDBD8-E24D-4122-9167-D3DB87F18BB5}.Release|Any CPU.ActiveCfg = Release|Any CPU
		{15DEDBD8-E24D-4122-9167-D3DB87F18BB5}.Release|Any CPU.Build.0 = Release|Any CPU
		{1F42C316-360F-492C-AFEB-17F0026B7526}.Debug|Any CPU.ActiveCfg = Debug|Any CPU
		{1F42C316-360F-492C-AFEB-17F0026B7526}.Debug|Any CPU.Build.0 = Debug|Any CPU
		{1F42C316-360F-492C-AFEB-17F0026B7526}.Release|Any CPU.ActiveCfg = Release|Any CPU
		{1F42C316-360F-492C-AFEB-17F0026B7526}.Release|Any CPU.Build.0 = Release|Any CPU
	EndGlobalSection
	GlobalSection(SolutionProperties) = preSolution
		HideSolutionNode = FALSE
	EndGlobalSection
EndGlobal
