
Microsoft Visual Studio Solution File, Format Version 12.00
# Visual Studio 15
VisualStudioVersion = 15.0.28307.136
MinimumVisualStudioVersion = 10.0.40219.1
Project("{FAE04EC0-301F-11D3-BF4B-00C04F79EFBC}") = "ManifestRepositoryApi", "FileRepositoryApi\ManifestRepositoryApi.csproj", "{7E1CB9E5-23DD-4F2C-A6B7-7197D4265DE5}"
EndProject
Project("{FAE04EC0-301F-11D3-BF4B-00C04F79EFBC}") = "ManifestRepositoryApi.Tests", "ManifestRepositoryApi.Tests\ManifestRepositoryApi.Tests.csproj", "{8BB65332-0A6D-463F-91F7-19EED3B96A39}"
EndProject
Project("{FAE04EC0-301F-11D3-BF4B-00C04F79EFBC}") = "ManifestRepository.XTests", "ManifestRepository.XTests\ManifestRepository.XTests.csproj", "{4EE31EC7-914E-4FAA-8506-3BE508FA6C2A}"
EndProject
Global
	GlobalSection(SolutionConfigurationPlatforms) = preSolution
		Debug|Any CPU = Debug|Any CPU
		Release|Any CPU = Release|Any CPU
	EndGlobalSection
	GlobalSection(ProjectConfigurationPlatforms) = postSolution
		{7E1CB9E5-23DD-4F2C-A6B7-7197D4265DE5}.Debug|Any CPU.ActiveCfg = Debug|Any CPU
		{7E1CB9E5-23DD-4F2C-A6B7-7197D4265DE5}.Debug|Any CPU.Build.0 = Debug|Any CPU
		{7E1CB9E5-23DD-4F2C-A6B7-7197D4265DE5}.Release|Any CPU.ActiveCfg = Release|Any CPU
		{7E1CB9E5-23DD-4F2C-A6B7-7197D4265DE5}.Release|Any CPU.Build.0 = Release|Any CPU
		{8BB65332-0A6D-463F-91F7-19EED3B96A39}.Debug|Any CPU.ActiveCfg = Debug|Any CPU
		{8BB65332-0A6D-463F-91F7-19EED3B96A39}.Debug|Any CPU.Build.0 = Debug|Any CPU
		{8BB65332-0A6D-463F-91F7-19EED3B96A39}.Release|Any CPU.ActiveCfg = Release|Any CPU
		{8BB65332-0A6D-463F-91F7-19EED3B96A39}.Release|Any CPU.Build.0 = Release|Any CPU
		{4EE31EC7-914E-4FAA-8506-3BE508FA6C2A}.Debug|Any CPU.ActiveCfg = Debug|Any CPU
		{4EE31EC7-914E-4FAA-8506-3BE508FA6C2A}.Debug|Any CPU.Build.0 = Debug|Any CPU
		{4EE31EC7-914E-4FAA-8506-3BE508FA6C2A}.Release|Any CPU.ActiveCfg = Release|Any CPU
		{4EE31EC7-914E-4FAA-8506-3BE508FA6C2A}.Release|Any CPU.Build.0 = Release|Any CPU
	EndGlobalSection
	GlobalSection(SolutionProperties) = preSolution
		HideSolutionNode = FALSE
	EndGlobalSection
	GlobalSection(ExtensibilityGlobals) = postSolution
		SolutionGuid = {52758DE3-8BDD-4AEA-83B2-97D3EB5D9114}
	EndGlobalSection
EndGlobal
