
Microsoft Visual Studio Solution File, Format Version 12.00
# Visual Studio 14
VisualStudioVersion = 14.0.25420.1
MinimumVisualStudioVersion = 10.0.40219.1
Project("{FAE04EC0-301F-11D3-BF4B-00C04F79EFBC}") = "Nadam.Infrastructure", "Nadam.Infrastructure\Nadam.Infrastructure.csproj", "{8EC390FE-EB8A-4C34-B892-704CE18D15B5}"
EndProject
Project("{2150E333-8FDC-42A3-9474-1A3956D46DE8}") = "FanneysTourGuideAgency", "FanneysTourGuideAgency", "{33A1EEA2-8899-4730-B210-6834EE0980F0}"
EndProject
Project("{FAE04EC0-301F-11D3-BF4B-00C04F79EFBC}") = "Ftga.Database", "Ftga\Ftga.Database\Ftga.Database.csproj", "{18A6CFB9-2427-4920-B7C8-2E5708CD125A}"
EndProject
Project("{FAE04EC0-301F-11D3-BF4B-00C04F79EFBC}") = "Ftga.Domain", "Ftga\Ftga.Domain\Ftga.Domain.csproj", "{1BB11145-D270-405B-8439-5C0A950A3C68}"
EndProject
Project("{2150E333-8FDC-42A3-9474-1A3956D46DE8}") = "DataAccessLayer", "DataAccessLayer", "{4D4031EF-8682-48F7-9B07-331EC408CFDF}"
EndProject
Project("{FAE04EC0-301F-11D3-BF4B-00C04F79EFBC}") = "Ftga.Repositories", "Ftga\Repositories\Ftga.Repositories.csproj", "{0B48942B-40E4-40C2-9FF7-136FF271A1C1}"
EndProject
Project("{2150E333-8FDC-42A3-9474-1A3956D46DE8}") = "Tests", "Tests", "{5BD69EFB-2A67-4FE7-B50A-81052F40E314}"
EndProject
Project("{FAE04EC0-301F-11D3-BF4B-00C04F79EFBC}") = "Ftga.ConsoleApp", "Ftga\Ftga.ConsoleApp\Ftga.ConsoleApp.csproj", "{35310C12-3687-4B3F-AB75-D6AA9FB59EC8}"
EndProject
Global
	GlobalSection(SolutionConfigurationPlatforms) = preSolution
		Debug|Any CPU = Debug|Any CPU
		Release|Any CPU = Release|Any CPU
	EndGlobalSection
	GlobalSection(ProjectConfigurationPlatforms) = postSolution
		{8EC390FE-EB8A-4C34-B892-704CE18D15B5}.Debug|Any CPU.ActiveCfg = Debug|Any CPU
		{8EC390FE-EB8A-4C34-B892-704CE18D15B5}.Debug|Any CPU.Build.0 = Debug|Any CPU
		{8EC390FE-EB8A-4C34-B892-704CE18D15B5}.Release|Any CPU.ActiveCfg = Release|Any CPU
		{8EC390FE-EB8A-4C34-B892-704CE18D15B5}.Release|Any CPU.Build.0 = Release|Any CPU
		{18A6CFB9-2427-4920-B7C8-2E5708CD125A}.Debug|Any CPU.ActiveCfg = Debug|Any CPU
		{18A6CFB9-2427-4920-B7C8-2E5708CD125A}.Debug|Any CPU.Build.0 = Debug|Any CPU
		{18A6CFB9-2427-4920-B7C8-2E5708CD125A}.Release|Any CPU.ActiveCfg = Release|Any CPU
		{18A6CFB9-2427-4920-B7C8-2E5708CD125A}.Release|Any CPU.Build.0 = Release|Any CPU
		{1BB11145-D270-405B-8439-5C0A950A3C68}.Debug|Any CPU.ActiveCfg = Debug|Any CPU
		{1BB11145-D270-405B-8439-5C0A950A3C68}.Debug|Any CPU.Build.0 = Debug|Any CPU
		{1BB11145-D270-405B-8439-5C0A950A3C68}.Release|Any CPU.ActiveCfg = Release|Any CPU
		{1BB11145-D270-405B-8439-5C0A950A3C68}.Release|Any CPU.Build.0 = Release|Any CPU
		{0B48942B-40E4-40C2-9FF7-136FF271A1C1}.Debug|Any CPU.ActiveCfg = Debug|Any CPU
		{0B48942B-40E4-40C2-9FF7-136FF271A1C1}.Debug|Any CPU.Build.0 = Debug|Any CPU
		{0B48942B-40E4-40C2-9FF7-136FF271A1C1}.Release|Any CPU.ActiveCfg = Release|Any CPU
		{0B48942B-40E4-40C2-9FF7-136FF271A1C1}.Release|Any CPU.Build.0 = Release|Any CPU
		{35310C12-3687-4B3F-AB75-D6AA9FB59EC8}.Debug|Any CPU.ActiveCfg = Debug|Any CPU
		{35310C12-3687-4B3F-AB75-D6AA9FB59EC8}.Debug|Any CPU.Build.0 = Debug|Any CPU
		{35310C12-3687-4B3F-AB75-D6AA9FB59EC8}.Release|Any CPU.ActiveCfg = Release|Any CPU
		{35310C12-3687-4B3F-AB75-D6AA9FB59EC8}.Release|Any CPU.Build.0 = Release|Any CPU
	EndGlobalSection
	GlobalSection(SolutionProperties) = preSolution
		HideSolutionNode = FALSE
	EndGlobalSection
	GlobalSection(NestedProjects) = preSolution
		{18A6CFB9-2427-4920-B7C8-2E5708CD125A} = {4D4031EF-8682-48F7-9B07-331EC408CFDF}
		{1BB11145-D270-405B-8439-5C0A950A3C68} = {4D4031EF-8682-48F7-9B07-331EC408CFDF}
		{4D4031EF-8682-48F7-9B07-331EC408CFDF} = {33A1EEA2-8899-4730-B210-6834EE0980F0}
		{0B48942B-40E4-40C2-9FF7-136FF271A1C1} = {4D4031EF-8682-48F7-9B07-331EC408CFDF}
		{5BD69EFB-2A67-4FE7-B50A-81052F40E314} = {33A1EEA2-8899-4730-B210-6834EE0980F0}
		{35310C12-3687-4B3F-AB75-D6AA9FB59EC8} = {5BD69EFB-2A67-4FE7-B50A-81052F40E314}
	EndGlobalSection
EndGlobal
