
Microsoft Visual Studio Solution File, Format Version 12.00
# Visual Studio 15
VisualStudioVersion = 15.0.28307.136
MinimumVisualStudioVersion = 10.0.40219.1
Project("{FAE04EC0-301F-11D3-BF4B-00C04F79EFBC}") = "POC_Authentication", "POC_Authentication\POC_Authentication.csproj", "{1AE87D82-0EE2-4191-BFF8-830525D54296}"
EndProject
Project("{FAE04EC0-301F-11D3-BF4B-00C04F79EFBC}") = "POC_Authentication.Tests", "POC_Authentication.Tests\POC_Authentication.Tests.csproj", "{DC663AA0-2C43-4D21-BD70-034A2D222272}"
EndProject
Global
	GlobalSection(SolutionConfigurationPlatforms) = preSolution
		Debug|Any CPU = Debug|Any CPU
		Release|Any CPU = Release|Any CPU
	EndGlobalSection
	GlobalSection(ProjectConfigurationPlatforms) = postSolution
		{1AE87D82-0EE2-4191-BFF8-830525D54296}.Debug|Any CPU.ActiveCfg = Debug|Any CPU
		{1AE87D82-0EE2-4191-BFF8-830525D54296}.Debug|Any CPU.Build.0 = Debug|Any CPU
		{1AE87D82-0EE2-4191-BFF8-830525D54296}.Release|Any CPU.ActiveCfg = Release|Any CPU
		{1AE87D82-0EE2-4191-BFF8-830525D54296}.Release|Any CPU.Build.0 = Release|Any CPU
		{DC663AA0-2C43-4D21-BD70-034A2D222272}.Debug|Any CPU.ActiveCfg = Debug|Any CPU
		{DC663AA0-2C43-4D21-BD70-034A2D222272}.Debug|Any CPU.Build.0 = Debug|Any CPU
		{DC663AA0-2C43-4D21-BD70-034A2D222272}.Release|Any CPU.ActiveCfg = Release|Any CPU
		{DC663AA0-2C43-4D21-BD70-034A2D222272}.Release|Any CPU.Build.0 = Release|Any CPU
	EndGlobalSection
	GlobalSection(SolutionProperties) = preSolution
		HideSolutionNode = FALSE
	EndGlobalSection
	GlobalSection(ExtensibilityGlobals) = postSolution
		SolutionGuid = {1682FB98-A94F-4E88-8109-BC856E3CA95A}
	EndGlobalSection
EndGlobal
