
Microsoft Visual Studio Solution File, Format Version 12.00
# Visual Studio 15
VisualStudioVersion = 15.0.28307.136
MinimumVisualStudioVersion = 10.0.40219.1
Project("{2150E333-8FDC-42A3-9474-1A3956D46DE8}") = "Chapter 01", "Chapter 01", "{FD79EE5D-B3DD-456E-B800-7DB95832AD6E}"
EndProject
Project("{2150E333-8FDC-42A3-9474-1A3956D46DE8}") = "Chapter 02", "Chapter 02", "{4FA3CE6B-9686-4A49-BC09-02B877A97AF3}"
EndProject
Project("{2150E333-8FDC-42A3-9474-1A3956D46DE8}") = "Chapter 06", "Chapter 06", "{E4BA3C8B-8602-4D7E-AEE3-AAE3F9FF9AE9}"
EndProject
Project("{2150E333-8FDC-42A3-9474-1A3956D46DE8}") = "Chapter 08", "Chapter 08", "{20735ECA-2988-4ADB-A269-748949E71BE2}"
EndProject
Project("{2150E333-8FDC-42A3-9474-1A3956D46DE8}") = "Chapter 09", "Chapter 09", "{794CF138-578D-45D7-8F94-123F0BEAA414}"
EndProject
Project("{2150E333-8FDC-42A3-9474-1A3956D46DE8}") = "Chapter 10", "Chapter 10", "{32E27DC9-3B61-48AB-9330-6DB3C97BD22D}"
EndProject
Project("{2150E333-8FDC-42A3-9474-1A3956D46DE8}") = "Chapter 11", "Chapter 11", "{D4834BD0-0388-4EBA-86A8-FD28F0EDEE22}"
EndProject
Project("{2150E333-8FDC-42A3-9474-1A3956D46DE8}") = "Chapter 03", "Chapter 03", "{7051F6E0-8E75-474C-A657-C051E79A02BE}"
EndProject
Project("{FAE04EC0-301F-11D3-BF4B-00C04F79EFBC}") = "DevGuideToCollections", "Chapter 2\CS\DevGuideToCollections\DevGuideToCollections.csproj", "{ADCC4C53-E235-43A9-8DA7-7984D5586245}"
EndProject
Project("{FAE04EC0-301F-11D3-BF4B-00C04F79EFBC}") = "DevGuideToCollections", "Chapter 1\CS\DevGuideToCollections\DevGuideToCollections.csproj", "{F9C16499-3A8C-430A-9323-A6AEAC261F16}"
EndProject
Project("{FAE04EC0-301F-11D3-BF4B-00C04F79EFBC}") = "Driver", "Chapter 1\CS\Driver\Driver.csproj", "{936975C1-3F41-41A9-B365-566F3E1ECA47}"
EndProject
Project("{FAE04EC0-301F-11D3-BF4B-00C04F79EFBC}") = "Driver", "Chapter 2\CS\Driver\Driver.csproj", "{52704845-6F86-4DAA-9505-27C69B6AA0D4}"
EndProject
Project("{FAE04EC0-301F-11D3-BF4B-00C04F79EFBC}") = "DevGuideToCollections", "Chapter 6\CS\DevGuideToCollections\DevGuideToCollections.csproj", "{4DEC5153-5881-461E-91E0-A5B220A72CC8}"
EndProject
Project("{FAE04EC0-301F-11D3-BF4B-00C04F79EFBC}") = "Driver", "Chapter 6\CS\Driver\Driver.csproj", "{1028D7BB-BC90-4077-836A-18A1F0A5C1A4}"
EndProject
Project("{FAE04EC0-301F-11D3-BF4B-00C04F79EFBC}") = "DevGuideToCollections", "Chapter 8\CS\DevGuideToCollections\DevGuideToCollections.csproj", "{0BC710BB-1019-41FD-85A4-6CD18A32B5DC}"
EndProject
Project("{FAE04EC0-301F-11D3-BF4B-00C04F79EFBC}") = "Driver", "Chapter 8\CS\Driver\Driver.csproj", "{08504905-EAF0-46F0-BE3C-7870FAE131EE}"
EndProject
Project("{FAE04EC0-301F-11D3-BF4B-00C04F79EFBC}") = "DevGuideToCollections", "Chapter 9\CS\DevGuideToCollections\DevGuideToCollections.csproj", "{6BC1580A-5194-4C22-991C-AC5E418A46DF}"
EndProject
Project("{FAE04EC0-301F-11D3-BF4B-00C04F79EFBC}") = "Driver", "Chapter 9\CS\Driver\Driver.csproj", "{AE2CF4A6-B033-4226-B57A-FE6117E6A929}"
EndProject
Project("{FAE04EC0-301F-11D3-BF4B-00C04F79EFBC}") = "DevGuideToCollections", "Chapter 10\CS\DevGuideToCollections\DevGuideToCollections.csproj", "{D28B34BE-31CD-4530-A6D6-1475CBB3699D}"
EndProject
Project("{FAE04EC0-301F-11D3-BF4B-00C04F79EFBC}") = "Driver", "Chapter 10\CS\Driver\Driver.csproj", "{27A11F46-C67A-4E76-A6AF-829B0900F928}"
EndProject
Project("{FAE04EC0-301F-11D3-BF4B-00C04F79EFBC}") = "Driver", "Chapter 11\CS\Driver\Driver.csproj", "{47A3E6EC-FB7B-4DC3-B5E8-F1F3DDEBD89B}"
EndProject
Project("{FAE04EC0-301F-11D3-BF4B-00C04F79EFBC}") = "DevGuideToCollections", "Chapter 11\CS\DevGuideToCollections\DevGuideToCollections.csproj", "{F39652F4-6003-4C92-9940-8374674D2D75}"
EndProject
Project("{FAE04EC0-301F-11D3-BF4B-00C04F79EFBC}") = "DevGuideToCollections", "Chapter 3\CS\DevGuideToCollections\DevGuideToCollections.csproj", "{918B8BDC-0832-4785-8F4D-DEBE1AA7CC49}"
EndProject
Project("{FAE04EC0-301F-11D3-BF4B-00C04F79EFBC}") = "Driver", "Chapter 3\CS\Driver\Driver.csproj", "{6A7DAE03-29E9-4641-98BC-03431F5441A4}"
EndProject
Global
	GlobalSection(SolutionConfigurationPlatforms) = preSolution
		Debug|Any CPU = Debug|Any CPU
		Release|Any CPU = Release|Any CPU
	EndGlobalSection
	GlobalSection(ProjectConfigurationPlatforms) = postSolution
		{ADCC4C53-E235-43A9-8DA7-7984D5586245}.Debug|Any CPU.ActiveCfg = Debug|Any CPU
		{ADCC4C53-E235-43A9-8DA7-7984D5586245}.Debug|Any CPU.Build.0 = Debug|Any CPU
		{ADCC4C53-E235-43A9-8DA7-7984D5586245}.Release|Any CPU.ActiveCfg = Release|Any CPU
		{ADCC4C53-E235-43A9-8DA7-7984D5586245}.Release|Any CPU.Build.0 = Release|Any CPU
		{F9C16499-3A8C-430A-9323-A6AEAC261F16}.Debug|Any CPU.ActiveCfg = Debug|Any CPU
		{F9C16499-3A8C-430A-9323-A6AEAC261F16}.Debug|Any CPU.Build.0 = Debug|Any CPU
		{F9C16499-3A8C-430A-9323-A6AEAC261F16}.Release|Any CPU.ActiveCfg = Release|Any CPU
		{F9C16499-3A8C-430A-9323-A6AEAC261F16}.Release|Any CPU.Build.0 = Release|Any CPU
		{936975C1-3F41-41A9-B365-566F3E1ECA47}.Debug|Any CPU.ActiveCfg = Debug|Any CPU
		{936975C1-3F41-41A9-B365-566F3E1ECA47}.Debug|Any CPU.Build.0 = Debug|Any CPU
		{936975C1-3F41-41A9-B365-566F3E1ECA47}.Release|Any CPU.ActiveCfg = Release|Any CPU
		{936975C1-3F41-41A9-B365-566F3E1ECA47}.Release|Any CPU.Build.0 = Release|Any CPU
		{52704845-6F86-4DAA-9505-27C69B6AA0D4}.Debug|Any CPU.ActiveCfg = Debug|Any CPU
		{52704845-6F86-4DAA-9505-27C69B6AA0D4}.Debug|Any CPU.Build.0 = Debug|Any CPU
		{52704845-6F86-4DAA-9505-27C69B6AA0D4}.Release|Any CPU.ActiveCfg = Release|Any CPU
		{52704845-6F86-4DAA-9505-27C69B6AA0D4}.Release|Any CPU.Build.0 = Release|Any CPU
		{4DEC5153-5881-461E-91E0-A5B220A72CC8}.Debug|Any CPU.ActiveCfg = Debug|Any CPU
		{4DEC5153-5881-461E-91E0-A5B220A72CC8}.Debug|Any CPU.Build.0 = Debug|Any CPU
		{4DEC5153-5881-461E-91E0-A5B220A72CC8}.Release|Any CPU.ActiveCfg = Release|Any CPU
		{4DEC5153-5881-461E-91E0-A5B220A72CC8}.Release|Any CPU.Build.0 = Release|Any CPU
		{1028D7BB-BC90-4077-836A-18A1F0A5C1A4}.Debug|Any CPU.ActiveCfg = Debug|Any CPU
		{1028D7BB-BC90-4077-836A-18A1F0A5C1A4}.Debug|Any CPU.Build.0 = Debug|Any CPU
		{1028D7BB-BC90-4077-836A-18A1F0A5C1A4}.Release|Any CPU.ActiveCfg = Release|Any CPU
		{1028D7BB-BC90-4077-836A-18A1F0A5C1A4}.Release|Any CPU.Build.0 = Release|Any CPU
		{0BC710BB-1019-41FD-85A4-6CD18A32B5DC}.Debug|Any CPU.ActiveCfg = Debug|Any CPU
		{0BC710BB-1019-41FD-85A4-6CD18A32B5DC}.Debug|Any CPU.Build.0 = Debug|Any CPU
		{0BC710BB-1019-41FD-85A4-6CD18A32B5DC}.Release|Any CPU.ActiveCfg = Release|Any CPU
		{0BC710BB-1019-41FD-85A4-6CD18A32B5DC}.Release|Any CPU.Build.0 = Release|Any CPU
		{08504905-EAF0-46F0-BE3C-7870FAE131EE}.Debug|Any CPU.ActiveCfg = Debug|Any CPU
		{08504905-EAF0-46F0-BE3C-7870FAE131EE}.Debug|Any CPU.Build.0 = Debug|Any CPU
		{08504905-EAF0-46F0-BE3C-7870FAE131EE}.Release|Any CPU.ActiveCfg = Release|Any CPU
		{08504905-EAF0-46F0-BE3C-7870FAE131EE}.Release|Any CPU.Build.0 = Release|Any CPU
		{6BC1580A-5194-4C22-991C-AC5E418A46DF}.Debug|Any CPU.ActiveCfg = Debug|Any CPU
		{6BC1580A-5194-4C22-991C-AC5E418A46DF}.Debug|Any CPU.Build.0 = Debug|Any CPU
		{6BC1580A-5194-4C22-991C-AC5E418A46DF}.Release|Any CPU.ActiveCfg = Release|Any CPU
		{6BC1580A-5194-4C22-991C-AC5E418A46DF}.Release|Any CPU.Build.0 = Release|Any CPU
		{AE2CF4A6-B033-4226-B57A-FE6117E6A929}.Debug|Any CPU.ActiveCfg = Debug|Any CPU
		{AE2CF4A6-B033-4226-B57A-FE6117E6A929}.Debug|Any CPU.Build.0 = Debug|Any CPU
		{AE2CF4A6-B033-4226-B57A-FE6117E6A929}.Release|Any CPU.ActiveCfg = Release|Any CPU
		{AE2CF4A6-B033-4226-B57A-FE6117E6A929}.Release|Any CPU.Build.0 = Release|Any CPU
		{D28B34BE-31CD-4530-A6D6-1475CBB3699D}.Debug|Any CPU.ActiveCfg = Debug|Any CPU
		{D28B34BE-31CD-4530-A6D6-1475CBB3699D}.Debug|Any CPU.Build.0 = Debug|Any CPU
		{D28B34BE-31CD-4530-A6D6-1475CBB3699D}.Release|Any CPU.ActiveCfg = Release|Any CPU
		{D28B34BE-31CD-4530-A6D6-1475CBB3699D}.Release|Any CPU.Build.0 = Release|Any CPU
		{27A11F46-C67A-4E76-A6AF-829B0900F928}.Debug|Any CPU.ActiveCfg = Debug|Any CPU
		{27A11F46-C67A-4E76-A6AF-829B0900F928}.Debug|Any CPU.Build.0 = Debug|Any CPU
		{27A11F46-C67A-4E76-A6AF-829B0900F928}.Release|Any CPU.ActiveCfg = Release|Any CPU
		{27A11F46-C67A-4E76-A6AF-829B0900F928}.Release|Any CPU.Build.0 = Release|Any CPU
		{47A3E6EC-FB7B-4DC3-B5E8-F1F3DDEBD89B}.Debug|Any CPU.ActiveCfg = Debug|Any CPU
		{47A3E6EC-FB7B-4DC3-B5E8-F1F3DDEBD89B}.Debug|Any CPU.Build.0 = Debug|Any CPU
		{47A3E6EC-FB7B-4DC3-B5E8-F1F3DDEBD89B}.Release|Any CPU.ActiveCfg = Release|Any CPU
		{47A3E6EC-FB7B-4DC3-B5E8-F1F3DDEBD89B}.Release|Any CPU.Build.0 = Release|Any CPU
		{F39652F4-6003-4C92-9940-8374674D2D75}.Debug|Any CPU.ActiveCfg = Debug|Any CPU
		{F39652F4-6003-4C92-9940-8374674D2D75}.Debug|Any CPU.Build.0 = Debug|Any CPU
		{F39652F4-6003-4C92-9940-8374674D2D75}.Release|Any CPU.ActiveCfg = Release|Any CPU
		{F39652F4-6003-4C92-9940-8374674D2D75}.Release|Any CPU.Build.0 = Release|Any CPU
		{918B8BDC-0832-4785-8F4D-DEBE1AA7CC49}.Debug|Any CPU.ActiveCfg = Debug|Any CPU
		{918B8BDC-0832-4785-8F4D-DEBE1AA7CC49}.Debug|Any CPU.Build.0 = Debug|Any CPU
		{918B8BDC-0832-4785-8F4D-DEBE1AA7CC49}.Release|Any CPU.ActiveCfg = Release|Any CPU
		{918B8BDC-0832-4785-8F4D-DEBE1AA7CC49}.Release|Any CPU.Build.0 = Release|Any CPU
		{6A7DAE03-29E9-4641-98BC-03431F5441A4}.Debug|Any CPU.ActiveCfg = Debug|Any CPU
		{6A7DAE03-29E9-4641-98BC-03431F5441A4}.Debug|Any CPU.Build.0 = Debug|Any CPU
		{6A7DAE03-29E9-4641-98BC-03431F5441A4}.Release|Any CPU.ActiveCfg = Release|Any CPU
		{6A7DAE03-29E9-4641-98BC-03431F5441A4}.Release|Any CPU.Build.0 = Release|Any CPU
	EndGlobalSection
	GlobalSection(SolutionProperties) = preSolution
		HideSolutionNode = FALSE
	EndGlobalSection
	GlobalSection(NestedProjects) = preSolution
		{ADCC4C53-E235-43A9-8DA7-7984D5586245} = {4FA3CE6B-9686-4A49-BC09-02B877A97AF3}
		{F9C16499-3A8C-430A-9323-A6AEAC261F16} = {FD79EE5D-B3DD-456E-B800-7DB95832AD6E}
		{936975C1-3F41-41A9-B365-566F3E1ECA47} = {FD79EE5D-B3DD-456E-B800-7DB95832AD6E}
		{52704845-6F86-4DAA-9505-27C69B6AA0D4} = {4FA3CE6B-9686-4A49-BC09-02B877A97AF3}
		{4DEC5153-5881-461E-91E0-A5B220A72CC8} = {E4BA3C8B-8602-4D7E-AEE3-AAE3F9FF9AE9}
		{1028D7BB-BC90-4077-836A-18A1F0A5C1A4} = {E4BA3C8B-8602-4D7E-AEE3-AAE3F9FF9AE9}
		{0BC710BB-1019-41FD-85A4-6CD18A32B5DC} = {20735ECA-2988-4ADB-A269-748949E71BE2}
		{08504905-EAF0-46F0-BE3C-7870FAE131EE} = {20735ECA-2988-4ADB-A269-748949E71BE2}
		{6BC1580A-5194-4C22-991C-AC5E418A46DF} = {794CF138-578D-45D7-8F94-123F0BEAA414}
		{AE2CF4A6-B033-4226-B57A-FE6117E6A929} = {794CF138-578D-45D7-8F94-123F0BEAA414}
		{D28B34BE-31CD-4530-A6D6-1475CBB3699D} = {32E27DC9-3B61-48AB-9330-6DB3C97BD22D}
		{27A11F46-C67A-4E76-A6AF-829B0900F928} = {32E27DC9-3B61-48AB-9330-6DB3C97BD22D}
		{47A3E6EC-FB7B-4DC3-B5E8-F1F3DDEBD89B} = {D4834BD0-0388-4EBA-86A8-FD28F0EDEE22}
		{F39652F4-6003-4C92-9940-8374674D2D75} = {D4834BD0-0388-4EBA-86A8-FD28F0EDEE22}
		{918B8BDC-0832-4785-8F4D-DEBE1AA7CC49} = {7051F6E0-8E75-474C-A657-C051E79A02BE}
		{6A7DAE03-29E9-4641-98BC-03431F5441A4} = {7051F6E0-8E75-474C-A657-C051E79A02BE}
	EndGlobalSection
	GlobalSection(ExtensibilityGlobals) = postSolution
		SolutionGuid = {BE3304CB-BD8A-482C-8F89-AC2C4DBC04F4}
	EndGlobalSection
EndGlobal
