
Microsoft Visual Studio Solution File, Format Version 12.00
# Visual Studio Version 16
VisualStudioVersion = 16.0.31729.503
MinimumVisualStudioVersion = 10.0.40219.1
Project("{FAE04EC0-301F-11D3-BF4B-00C04F79EFBC}") = "MultiThreading-Test", "MultiThreading-Test\MultiThreading-Test.csproj", "{76A260ED-6D8D-485B-81C6-7146F2CD7012}"
EndProject
Project("{FAE04EC0-301F-11D3-BF4B-00C04F79EFBC}") = "AsyncAwait", "AsyncAwait\AsyncAwait.csproj", "{314BA355-0262-465C-B40E-8DAA79D92DA8}"
EndProject
Project("{FAE04EC0-301F-11D3-BF4B-00C04F79EFBC}") = "BackgroundWorker", "BackgroundWorker\BackgroundWorker.csproj", "{1A98F4D4-B80B-4476-872A-083DB02DAC30}"
EndProject
Global
	GlobalSection(SolutionConfigurationPlatforms) = preSolution
		Debug|Any CPU = Debug|Any CPU
		Release|Any CPU = Release|Any CPU
	EndGlobalSection
	GlobalSection(ProjectConfigurationPlatforms) = postSolution
		{76A260ED-6D8D-485B-81C6-7146F2CD7012}.Debug|Any CPU.ActiveCfg = Debug|Any CPU
		{76A260ED-6D8D-485B-81C6-7146F2CD7012}.Debug|Any CPU.Build.0 = Debug|Any CPU
		{76A260ED-6D8D-485B-81C6-7146F2CD7012}.Release|Any CPU.ActiveCfg = Release|Any CPU
		{76A260ED-6D8D-485B-81C6-7146F2CD7012}.Release|Any CPU.Build.0 = Release|Any CPU
		{314BA355-0262-465C-B40E-8DAA79D92DA8}.Debug|Any CPU.ActiveCfg = Debug|Any CPU
		{314BA355-0262-465C-B40E-8DAA79D92DA8}.Debug|Any CPU.Build.0 = Debug|Any CPU
		{314BA355-0262-465C-B40E-8DAA79D92DA8}.Release|Any CPU.ActiveCfg = Release|Any CPU
		{314BA355-0262-465C-B40E-8DAA79D92DA8}.Release|Any CPU.Build.0 = Release|Any CPU
		{1A98F4D4-B80B-4476-872A-083DB02DAC30}.Debug|Any CPU.ActiveCfg = Debug|Any CPU
		{1A98F4D4-B80B-4476-872A-083DB02DAC30}.Debug|Any CPU.Build.0 = Debug|Any CPU
		{1A98F4D4-B80B-4476-872A-083DB02DAC30}.Release|Any CPU.ActiveCfg = Release|Any CPU
		{1A98F4D4-B80B-4476-872A-083DB02DAC30}.Release|Any CPU.Build.0 = Release|Any CPU
	EndGlobalSection
	GlobalSection(SolutionProperties) = preSolution
		HideSolutionNode = FALSE
	EndGlobalSection
	GlobalSection(ExtensibilityGlobals) = postSolution
		SolutionGuid = {0F14F570-8DCD-49E1-86EF-8BDFB02F4D58}
	EndGlobalSection
EndGlobal
