
Microsoft Visual Studio Solution File, Format Version 12.00
# Visual Studio Version 17
VisualStudioVersion = 17.1.32228.430
MinimumVisualStudioVersion = 10.0.40219.1
Project("{FAE04EC0-301F-11D3-BF4B-00C04F79EFBC}") = "Middleware", "Middleware\Middleware.csproj", "{20B97BB1-9D51-46E9-9B4D-93C2852F09DB}"
EndProject
Global
	GlobalSection(SolutionConfigurationPlatforms) = preSolution
		Debug|Any CPU = Debug|Any CPU
		Release|Any CPU = Release|Any CPU
	EndGlobalSection
	GlobalSection(ProjectConfigurationPlatforms) = postSolution
		{20B97BB1-9D51-46E9-9B4D-93C2852F09DB}.Debug|Any CPU.ActiveCfg = Debug|Any CPU
		{20B97BB1-9D51-46E9-9B4D-93C2852F09DB}.Debug|Any CPU.Build.0 = Debug|Any CPU
		{20B97BB1-9D51-46E9-9B4D-93C2852F09DB}.Release|Any CPU.ActiveCfg = Release|Any CPU
		{20B97BB1-9D51-46E9-9B4D-93C2852F09DB}.Release|Any CPU.Build.0 = Release|Any CPU
	EndGlobalSection
	GlobalSection(SolutionProperties) = preSolution
		HideSolutionNode = FALSE
	EndGlobalSection
	GlobalSection(ExtensibilityGlobals) = postSolution
		SolutionGuid = {9478FBB5-A58E-4753-856C-240533A174E0}
	EndGlobalSection
EndGlobal
