
Microsoft Visual Studio Solution File, Format Version 12.00
# Visual Studio Version 16
VisualStudioVersion = 16.0.31112.23
MinimumVisualStudioVersion = 10.0.40219.1
Project("{FAE04EC0-301F-11D3-BF4B-00C04F79EFBC}") = "Dimensional2", "Dimensional2\Dimensional2.csproj", "{B4E9C4E0-A639-4002-966F-6966D285C6B7}"
EndProject
Project("{FAE04EC0-301F-11D3-BF4B-00C04F79EFBC}") = "DimensionalTests", "DimensionalTests\DimensionalTests.csproj", "{82735AAD-DC69-4F3F-9138-67E4C4827B19}"
EndProject
Global
	GlobalSection(SolutionConfigurationPlatforms) = preSolution
		Debug|Any CPU = Debug|Any CPU
		Release|Any CPU = Release|Any CPU
	EndGlobalSection
	GlobalSection(ProjectConfigurationPlatforms) = postSolution
		{B4E9C4E0-A639-4002-966F-6966D285C6B7}.Debug|Any CPU.ActiveCfg = Debug|Any CPU
		{B4E9C4E0-A639-4002-966F-6966D285C6B7}.Debug|Any CPU.Build.0 = Debug|Any CPU
		{B4E9C4E0-A639-4002-966F-6966D285C6B7}.Release|Any CPU.ActiveCfg = Release|Any CPU
		{B4E9C4E0-A639-4002-966F-6966D285C6B7}.Release|Any CPU.Build.0 = Release|Any CPU
		{82735AAD-DC69-4F3F-9138-67E4C4827B19}.Debug|Any CPU.ActiveCfg = Debug|Any CPU
		{82735AAD-DC69-4F3F-9138-67E4C4827B19}.Debug|Any CPU.Build.0 = Debug|Any CPU
		{82735AAD-DC69-4F3F-9138-67E4C4827B19}.Release|Any CPU.ActiveCfg = Release|Any CPU
		{82735AAD-DC69-4F3F-9138-67E4C4827B19}.Release|Any CPU.Build.0 = Release|Any CPU
	EndGlobalSection
	GlobalSection(SolutionProperties) = preSolution
		HideSolutionNode = FALSE
	EndGlobalSection
	GlobalSection(ExtensibilityGlobals) = postSolution
		SolutionGuid = {C15EC9BD-840F-44CC-ABD4-812675EFE5F7}
	EndGlobalSection
EndGlobal
