
Microsoft Visual Studio Solution File, Format Version 12.00
# Visual Studio Version 17
VisualStudioVersion = 17.8.34330.188
MinimumVisualStudioVersion = 10.0.40219.1
Project("{FAE04EC0-301F-11D3-BF4B-00C04F79EFBC}") = "AsyncEnumerableResult", "AsyncEnumerableResult\AsyncEnumerableResult.csproj", "{FFC063A5-4FC2-4CB2-989C-BABF8C3CE663}"
EndProject
Global
	GlobalSection(SolutionConfigurationPlatforms) = preSolution
		Debug|Any CPU = Debug|Any CPU
		Release|Any CPU = Release|Any CPU
	EndGlobalSection
	GlobalSection(ProjectConfigurationPlatforms) = postSolution
		{FFC063A5-4FC2-4CB2-989C-BABF8C3CE663}.Debug|Any CPU.ActiveCfg = Debug|Any CPU
		{FFC063A5-4FC2-4CB2-989C-BABF8C3CE663}.Debug|Any CPU.Build.0 = Debug|Any CPU
		{FFC063A5-4FC2-4CB2-989C-BABF8C3CE663}.Release|Any CPU.ActiveCfg = Release|Any CPU
		{FFC063A5-4FC2-4CB2-989C-BABF8C3CE663}.Release|Any CPU.Build.0 = Release|Any CPU
	EndGlobalSection
	GlobalSection(SolutionProperties) = preSolution
		HideSolutionNode = FALSE
	EndGlobalSection
	GlobalSection(ExtensibilityGlobals) = postSolution
		SolutionGuid = {D9B9099C-9C90-4C8A-9089-A0741031492F}
	EndGlobalSection
EndGlobal
