
Microsoft Visual Studio Solution File, Format Version 12.00
# Visual Studio 15
VisualStudioVersion = 15.0.27130.2024
MinimumVisualStudioVersion = 10.0.40219.1
Project("{FAE04EC0-301F-11D3-BF4B-00C04F79EFBC}") = "Nadam.Global.Lib", "Nadam.Lib\Nadam.Global.Lib.csproj", "{6F9AFE40-62C2-4D40-B143-8AA81BC0C926}"
EndProject
Project("{FAE04EC0-301F-11D3-BF4B-00C04F79EFBC}") = "Nadam.Global.JsonDb", "Nadam.JsonDb\Nadam.Global.JsonDb.csproj", "{015537B7-AFAA-480D-872D-FAEC01ADF045}"
EndProject
Project("{2150E333-8FDC-42A3-9474-1A3956D46DE8}") = "Nadam.Tests", "Nadam.Tests", "{60D34736-40AE-45F3-A424-56340EC79DAC}"
EndProject
Project("{FAE04EC0-301F-11D3-BF4B-00C04F79EFBC}") = "ConsoleTest", "Nadam.ConsoleTest\ConsoleTest.csproj", "{896D0B96-25FB-4708-A150-E9F07D3AA5EA}"
EndProject
Project("{2150E333-8FDC-42A3-9474-1A3956D46DE8}") = "UnitTests", "UnitTests", "{C4E8FC89-4A99-4895-82DD-0F08A7C56BA1}"
EndProject
Project("{FAE04EC0-301F-11D3-BF4B-00C04F79EFBC}") = "Lib.UTests", "NadamLib.Tests\Lib.UTests.csproj", "{A0ED0AC4-4C63-4E3E-BE6B-4EF5E6DB4739}"
EndProject
Project("{FAE04EC0-301F-11D3-BF4B-00C04F79EFBC}") = "JsonDb.UTests", "Nadam.JsonDb.Test\JsonDb.UTests.csproj", "{596C9257-F669-4765-B7A2-31BE5306DA65}"
EndProject
Project("{FAE04EC0-301F-11D3-BF4B-00C04F79EFBC}") = "NorthwindEF", "Northwind\NorthwindEF.csproj", "{6FCE91AD-07F5-47CE-818C-FC29C8278FCC}"
EndProject
Project("{FAE04EC0-301F-11D3-BF4B-00C04F79EFBC}") = "Nadam.Global.ConsoleShell", "Nadam.ConsoleShell\Nadam.Global.ConsoleShell.csproj", "{A2250FCD-DB21-444A-8200-925B79C616D6}"
EndProject
Project("{FAE04EC0-301F-11D3-BF4B-00C04F79EFBC}") = "TestServiceLibrary", "Nadam.TestServiceLibrary\TestServiceLibrary.csproj", "{2E5A2434-9C74-4456-A705-0506E924E35A}"
EndProject
Project("{FAE04EC0-301F-11D3-BF4B-00C04F79EFBC}") = "OtherConsole", "OtherConsole\OtherConsole.csproj", "{759586AB-D906-4300-AC52-B9751371D28D}"
EndProject
Global
	GlobalSection(SolutionConfigurationPlatforms) = preSolution
		Debug|Any CPU = Debug|Any CPU
		Release|Any CPU = Release|Any CPU
	EndGlobalSection
	GlobalSection(ProjectConfigurationPlatforms) = postSolution
		{6F9AFE40-62C2-4D40-B143-8AA81BC0C926}.Debug|Any CPU.ActiveCfg = Debug|Any CPU
		{6F9AFE40-62C2-4D40-B143-8AA81BC0C926}.Debug|Any CPU.Build.0 = Debug|Any CPU
		{6F9AFE40-62C2-4D40-B143-8AA81BC0C926}.Release|Any CPU.ActiveCfg = Release|Any CPU
		{6F9AFE40-62C2-4D40-B143-8AA81BC0C926}.Release|Any CPU.Build.0 = Release|Any CPU
		{015537B7-AFAA-480D-872D-FAEC01ADF045}.Debug|Any CPU.ActiveCfg = Debug|Any CPU
		{015537B7-AFAA-480D-872D-FAEC01ADF045}.Debug|Any CPU.Build.0 = Debug|Any CPU
		{015537B7-AFAA-480D-872D-FAEC01ADF045}.Release|Any CPU.ActiveCfg = Release|Any CPU
		{015537B7-AFAA-480D-872D-FAEC01ADF045}.Release|Any CPU.Build.0 = Release|Any CPU
		{896D0B96-25FB-4708-A150-E9F07D3AA5EA}.Debug|Any CPU.ActiveCfg = Debug|Any CPU
		{896D0B96-25FB-4708-A150-E9F07D3AA5EA}.Debug|Any CPU.Build.0 = Debug|Any CPU
		{896D0B96-25FB-4708-A150-E9F07D3AA5EA}.Release|Any CPU.ActiveCfg = Release|Any CPU
		{A0ED0AC4-4C63-4E3E-BE6B-4EF5E6DB4739}.Debug|Any CPU.ActiveCfg = Debug|Any CPU
		{A0ED0AC4-4C63-4E3E-BE6B-4EF5E6DB4739}.Debug|Any CPU.Build.0 = Debug|Any CPU
		{A0ED0AC4-4C63-4E3E-BE6B-4EF5E6DB4739}.Release|Any CPU.ActiveCfg = Release|Any CPU
		{596C9257-F669-4765-B7A2-31BE5306DA65}.Debug|Any CPU.ActiveCfg = Debug|Any CPU
		{596C9257-F669-4765-B7A2-31BE5306DA65}.Debug|Any CPU.Build.0 = Debug|Any CPU
		{596C9257-F669-4765-B7A2-31BE5306DA65}.Release|Any CPU.ActiveCfg = Release|Any CPU
		{6FCE91AD-07F5-47CE-818C-FC29C8278FCC}.Debug|Any CPU.ActiveCfg = Debug|Any CPU
		{6FCE91AD-07F5-47CE-818C-FC29C8278FCC}.Debug|Any CPU.Build.0 = Debug|Any CPU
		{6FCE91AD-07F5-47CE-818C-FC29C8278FCC}.Release|Any CPU.ActiveCfg = Release|Any CPU
		{6FCE91AD-07F5-47CE-818C-FC29C8278FCC}.Release|Any CPU.Build.0 = Release|Any CPU
		{A2250FCD-DB21-444A-8200-925B79C616D6}.Debug|Any CPU.ActiveCfg = Debug|Any CPU
		{A2250FCD-DB21-444A-8200-925B79C616D6}.Debug|Any CPU.Build.0 = Debug|Any CPU
		{A2250FCD-DB21-444A-8200-925B79C616D6}.Release|Any CPU.ActiveCfg = Release|Any CPU
		{A2250FCD-DB21-444A-8200-925B79C616D6}.Release|Any CPU.Build.0 = Release|Any CPU
		{2E5A2434-9C74-4456-A705-0506E924E35A}.Debug|Any CPU.ActiveCfg = Debug|Any CPU
		{2E5A2434-9C74-4456-A705-0506E924E35A}.Debug|Any CPU.Build.0 = Debug|Any CPU
		{2E5A2434-9C74-4456-A705-0506E924E35A}.Release|Any CPU.ActiveCfg = Release|Any CPU
		{2E5A2434-9C74-4456-A705-0506E924E35A}.Release|Any CPU.Build.0 = Release|Any CPU
		{759586AB-D906-4300-AC52-B9751371D28D}.Debug|Any CPU.ActiveCfg = Debug|Any CPU
		{759586AB-D906-4300-AC52-B9751371D28D}.Debug|Any CPU.Build.0 = Debug|Any CPU
		{759586AB-D906-4300-AC52-B9751371D28D}.Release|Any CPU.ActiveCfg = Release|Any CPU
		{759586AB-D906-4300-AC52-B9751371D28D}.Release|Any CPU.Build.0 = Release|Any CPU
	EndGlobalSection
	GlobalSection(SolutionProperties) = preSolution
		HideSolutionNode = FALSE
	EndGlobalSection
	GlobalSection(NestedProjects) = preSolution
		{896D0B96-25FB-4708-A150-E9F07D3AA5EA} = {60D34736-40AE-45F3-A424-56340EC79DAC}
		{C4E8FC89-4A99-4895-82DD-0F08A7C56BA1} = {60D34736-40AE-45F3-A424-56340EC79DAC}
		{A0ED0AC4-4C63-4E3E-BE6B-4EF5E6DB4739} = {C4E8FC89-4A99-4895-82DD-0F08A7C56BA1}
		{596C9257-F669-4765-B7A2-31BE5306DA65} = {C4E8FC89-4A99-4895-82DD-0F08A7C56BA1}
		{6FCE91AD-07F5-47CE-818C-FC29C8278FCC} = {60D34736-40AE-45F3-A424-56340EC79DAC}
		{2E5A2434-9C74-4456-A705-0506E924E35A} = {60D34736-40AE-45F3-A424-56340EC79DAC}
		{759586AB-D906-4300-AC52-B9751371D28D} = {60D34736-40AE-45F3-A424-56340EC79DAC}
	EndGlobalSection
	GlobalSection(ExtensibilityGlobals) = postSolution
		SolutionGuid = {BF669D81-0AD7-43B5-B334-AC2B3B6CE5BC}
	EndGlobalSection
EndGlobal
