
Microsoft Visual Studio Solution File, Format Version 12.00
# Visual Studio Version 17
VisualStudioVersion = 17.13.35825.156
MinimumVisualStudioVersion = 10.0.40219.1
Project("{FAE04EC0-301F-11D3-BF4B-00C04F79EFBC}") = "LuceneDNetCli", "LuceneDNet.Cli\LuceneDNetCli.csproj", "{B56B55FA-14A4-F5DA-F806-937A6C36BCC5}"
EndProject
Project("{FAE04EC0-301F-11D3-BF4B-00C04F79EFBC}") = "LuceneDNet.Domain", "LuceneDNet.Domain\LuceneDNet.Domain\LuceneDNet.Domain.csproj", "{D6429AD5-E22E-4B4E-BDF4-7A80954C2BBB}"
EndProject
Global
	GlobalSection(SolutionConfigurationPlatforms) = preSolution
		Debug|Any CPU = Debug|Any CPU
		Release|Any CPU = Release|Any CPU
	EndGlobalSection
	GlobalSection(ProjectConfigurationPlatforms) = postSolution
		{B56B55FA-14A4-F5DA-F806-937A6C36BCC5}.Debug|Any CPU.ActiveCfg = Debug|Any CPU
		{B56B55FA-14A4-F5DA-F806-937A6C36BCC5}.Debug|Any CPU.Build.0 = Debug|Any CPU
		{B56B55FA-14A4-F5DA-F806-937A6C36BCC5}.Release|Any CPU.ActiveCfg = Release|Any CPU
		{B56B55FA-14A4-F5DA-F806-937A6C36BCC5}.Release|Any CPU.Build.0 = Release|Any CPU
		{D6429AD5-E22E-4B4E-BDF4-7A80954C2BBB}.Debug|Any CPU.ActiveCfg = Debug|Any CPU
		{D6429AD5-E22E-4B4E-BDF4-7A80954C2BBB}.Debug|Any CPU.Build.0 = Debug|Any CPU
		{D6429AD5-E22E-4B4E-BDF4-7A80954C2BBB}.Release|Any CPU.ActiveCfg = Release|Any CPU
		{D6429AD5-E22E-4B4E-BDF4-7A80954C2BBB}.Release|Any CPU.Build.0 = Release|Any CPU
	EndGlobalSection
	GlobalSection(SolutionProperties) = preSolution
		HideSolutionNode = FALSE
	EndGlobalSection
	GlobalSection(ExtensibilityGlobals) = postSolution
		SolutionGuid = {B4263473-32D9-47BA-8127-8549B390F8D8}
	EndGlobalSection
EndGlobal
